
Microsoft Visual Studio Solution File, Format Version 12.00
Project("{FAE04EC0-301F-11D3-BF4B-00C04F79EFBC}") = "PaintTogetherServer", "PaintTogetherServer\PaintTogetherServer.csproj", "{AB170E2C-5618-47B7-9579-C26021624406}"
EndProject
Project("{FAE04EC0-301F-11D3-BF4B-00C04F79EFBC}") = "PaintTogether", "PaintTogether\PaintTogether.csproj", "{CEF16221-80FA-43D1-8D45-FD959B5CF386}"
EndProject
Global
	GlobalSection(SolutionConfigurationPlatforms) = preSolution
		Debug|Any CPU = Debug|Any CPU
		Release|Any CPU = Release|Any CPU
	EndGlobalSection
	GlobalSection(ProjectConfigurationPlatforms) = postSolution
		{AB170E2C-5618-47B7-9579-C26021624406}.Debug|Any CPU.ActiveCfg = Debug|Any CPU
		{AB170E2C-5618-47B7-9579-C26021624406}.Debug|Any CPU.Build.0 = Debug|Any CPU
		{AB170E2C-5618-47B7-9579-C26021624406}.Release|Any CPU.ActiveCfg = Release|Any CPU
		{AB170E2C-5618-47B7-9579-C26021624406}.Release|Any CPU.Build.0 = Release|Any CPU
		{CEF16221-80FA-43D1-8D45-FD959B5CF386}.Debug|Any CPU.ActiveCfg = Debug|Any CPU
		{CEF16221-80FA-43D1-8D45-FD959B5CF386}.Debug|Any CPU.Build.0 = Debug|Any CPU
		{CEF16221-80FA-43D1-8D45-FD959B5CF386}.Release|Any CPU.ActiveCfg = Release|Any CPU
		{CEF16221-80FA-43D1-8D45-FD959B5CF386}.Release|Any CPU.Build.0 = Release|Any CPU
	EndGlobalSection
EndGlobal
